# THIS IS AN AUTOGENERATED FILE. DO NOT EDIT THIS FILE DIRECTLY.
# yarn lockfile v1


all@^0.0.0:
  version "0.0.0"
  resolved "https://registry.yarnpkg.com/all/-/all-0.0.0.tgz#fb2aa75d4759d40e39ecbb118fabf0cc11ff554f"
  integrity sha512-0oKlfNVv2d+d7c1gwjGspzgbwot47PGQ4b3v1ccx4mR8l9P/Y6E6Dr/yE8lNT63EcAKEbHo6UG3odDpC/NQcKw==

arguments@>=1.0.0:
  version "1.0.0"
  resolved "https://registry.yarnpkg.com/arguments/-/arguments-1.0.0.tgz#d4c63864545501e916f55b5179d1d1b1c41a45ad"
  integrity sha512-s/NffZ+ndyr/6INS2rnHWo+7n6ymWcMkt/DXr7e1PSlzWFzU+A1ovn29/cnnMpO9nzaLZq3qxLtSXrfxK/78yw==

combine@^0.1.4:
  version "0.1.4"
  resolved "https://registry.yarnpkg.com/combine/-/combine-0.1.4.tgz#c1a23db416623ffa5fdcd6711695ce1511c91351"
  integrity sha512-vfm3Buhk9s9MI73koocag5MlSdvzUoBFfL/cKphLoRl9BdS0uZYTIHUziSqVi+++cGg4tZpFQX7nzLfbV+KHEg==
  dependencies:
    arguments ">=1.0.0"
